
Microsoft Visual Studio Solution File, Format Version 12.00
# Visual Studio Version 17
VisualStudioVersion = 17.5.33414.496
MinimumVisualStudioVersion = 10.0.40219.1
Project("{FAE04EC0-301F-11D3-BF4B-00C04F79EFBC}") = "OpenWeatherMap", "OpenWeatherMap\OpenWeatherMap.csproj", "{F52BF3F9-AE1B-404C-B17F-CA2643742B10}"
EndProject
Global
	GlobalSection(SolutionConfigurationPlatforms) = preSolution
		Debug|Any CPU = Debug|Any CPU
		Release|Any CPU = Release|Any CPU
	EndGlobalSection
	GlobalSection(ProjectConfigurationPlatforms) = postSolution
		{F52BF3F9-AE1B-404C-B17F-CA2643742B10}.Debug|Any CPU.ActiveCfg = Debug|Any CPU
		{F52BF3F9-AE1B-404C-B17F-CA2643742B10}.Debug|Any CPU.Build.0 = Debug|Any CPU
		{F52BF3F9-AE1B-404C-B17F-CA2643742B10}.Release|Any CPU.ActiveCfg = Release|Any CPU
		{F52BF3F9-AE1B-404C-B17F-CA2643742B10}.Release|Any CPU.Build.0 = Release|Any CPU
	EndGlobalSection
	GlobalSection(SolutionProperties) = preSolution
		HideSolutionNode = FALSE
	EndGlobalSection
	GlobalSection(ExtensibilityGlobals) = postSolution
		SolutionGuid = {54FC80B0-C7CE-44AC-A742-BEE0A70A3E08}
	EndGlobalSection
EndGlobal
